{
  "name": "@bp3global/bpmnlint-plugin-bpmn-rules",
  "version": "set-by-pipeline-on-release",
  "lockfileVersion": 3,
  "requires": true,
  "packages": {
    "": {
      "name": "@bp3global/bpmnlint-plugin-bpmn-rules",
      "version": "set-by-pipeline-on-release",
      "license": "MIT",
      "engines": {
        "node": ">= 20"
      }
    }
  }
}
